
Microsoft Visual Studio Solution File, Format Version 12.00
# Visual Studio 15
VisualStudioVersion = 15.0.27004.2005
MinimumVisualStudioVersion = 10.0.40219.1
Project("{FAE04EC0-301F-11D3-BF4B-00C04F79EFBC}") = "GitHubInfo.Console", "GitHubInfo.Console\GitHubInfo.Console.csproj", "{AE388CAC-E8E9-4D22-9D56-F843B4058D0C}"
EndProject
Project("{FAE04EC0-301F-11D3-BF4B-00C04F79EFBC}") = "GitHubInfo.Tests", "GitHubInfo.Tests\GitHubInfo.Tests.csproj", "{DE2D7EA2-A423-48E0-AFFC-1B063742DADE}"
EndProject
Project("{FAE04EC0-301F-11D3-BF4B-00C04F79EFBC}") = "GitHubInfo", "GitHubInfo\GitHubInfo.csproj", "{A4D9CF6C-D739-455C-8E41-0CF24046963F}"
EndProject
Global
	GlobalSection(SolutionConfigurationPlatforms) = preSolution
		Debug|Any CPU = Debug|Any CPU
		Release|Any CPU = Release|Any CPU
	EndGlobalSection
	GlobalSection(ProjectConfigurationPlatforms) = postSolution
		{AE388CAC-E8E9-4D22-9D56-F843B4058D0C}.Debug|Any CPU.ActiveCfg = Debug|Any CPU
		{AE388CAC-E8E9-4D22-9D56-F843B4058D0C}.Debug|Any CPU.Build.0 = Debug|Any CPU
		{AE388CAC-E8E9-4D22-9D56-F843B4058D0C}.Release|Any CPU.ActiveCfg = Release|Any CPU
		{AE388CAC-E8E9-4D22-9D56-F843B4058D0C}.Release|Any CPU.Build.0 = Release|Any CPU
		{DE2D7EA2-A423-48E0-AFFC-1B063742DADE}.Debug|Any CPU.ActiveCfg = Debug|Any CPU
		{DE2D7EA2-A423-48E0-AFFC-1B063742DADE}.Debug|Any CPU.Build.0 = Debug|Any CPU
		{DE2D7EA2-A423-48E0-AFFC-1B063742DADE}.Release|Any CPU.ActiveCfg = Release|Any CPU
		{DE2D7EA2-A423-48E0-AFFC-1B063742DADE}.Release|Any CPU.Build.0 = Release|Any CPU
		{A4D9CF6C-D739-455C-8E41-0CF24046963F}.Debug|Any CPU.ActiveCfg = Debug|Any CPU
		{A4D9CF6C-D739-455C-8E41-0CF24046963F}.Debug|Any CPU.Build.0 = Debug|Any CPU
		{A4D9CF6C-D739-455C-8E41-0CF24046963F}.Release|Any CPU.ActiveCfg = Release|Any CPU
		{A4D9CF6C-D739-455C-8E41-0CF24046963F}.Release|Any CPU.Build.0 = Release|Any CPU
	EndGlobalSection
	GlobalSection(SolutionProperties) = preSolution
		HideSolutionNode = FALSE
	EndGlobalSection
	GlobalSection(ExtensibilityGlobals) = postSolution
		SolutionGuid = {D0F954C0-18E1-44BD-81B2-26C8F17E0ACF}
	EndGlobalSection
EndGlobal
